Microsoft Visual Studio Solution File, Format Version 12.00
# Visual Studio Version 17
VisualStudioVersion = 17.10.35122.118
MinimumVisualStudioVersion = 10.0.40219.1
Project("{9A19103F-16F7-4668-BE54-9A1E7A4F7556}") = "ConnFromConfig", "ConnFromConfig\ConnFromConfig.csproj", "{4F0F67DA-5A69-4291-BF62-93535F31AB45}"
EndProject
Project("{9A19103F-16F7-4668-BE54-9A1E7A4F7556}") = "Builder", "Builder\Builder.csproj", "{CDD20CE3-D4F0-4236-B620-F36632540F05}"
EndProject
Project("{9A19103F-16F7-4668-BE54-9A1E7A4F7556}") = "ConnFromConfigSecret", "ConnFromConfigSecret\ConnFromConfigSecret.csproj", "{6F0D3C9C-4E35-4B00-9411-BD7BA641F3EF}"
EndProject
Project("{9A19103F-16F7-4668-BE54-9A1E7A4F7556}") = "ConnFromAppSettings", "ConnFromAppSettings\ConnFromAppSettings.csproj", "{958E893C-288F-425C-A54B-8C348D730D72}"
EndProject
Project("{9A19103F-16F7-4668-BE54-9A1E7A4F7556}") = "Basic", "Basic\Basic.csproj", "{37BBDD96-5364-4020-880A-17403BD944F9}"
EndProject
Global
	GlobalSection(SolutionConfigurationPlatforms) = preSolution
		Debug|Any CPU = Debug|Any CPU
		Release|Any CPU = Release|Any CPU
	EndGlobalSection
	GlobalSection(ProjectConfigurationPlatforms) = postSolution
		{4F0F67DA-5A69-4291-BF62-93535F31AB45}.Debug|Any CPU.ActiveCfg = Debug|Any CPU
		{4F0F67DA-5A69-4291-BF62-93535F31AB45}.Debug|Any CPU.Build.0 = Debug|Any CPU
		{4F0F67DA-5A69-4291-BF62-93535F31AB45}.Release|Any CPU.ActiveCfg = Release|Any CPU
		{4F0F67DA-5A69-4291-BF62-93535F31AB45}.Release|Any CPU.Build.0 = Release|Any CPU
		{CDD20CE3-D4F0-4236-B620-F36632540F05}.Debug|Any CPU.ActiveCfg = Debug|Any CPU
		{CDD20CE3-D4F0-4236-B620-F36632540F05}.Debug|Any CPU.Build.0 = Debug|Any CPU
		{CDD20CE3-D4F0-4236-B620-F36632540F05}.Release|Any CPU.ActiveCfg = Release|Any CPU
		{CDD20CE3-D4F0-4236-B620-F36632540F05}.Release|Any CPU.Build.0 = Release|Any CPU
		{6F0D3C9C-4E35-4B00-9411-BD7BA641F3EF}.Debug|Any CPU.ActiveCfg = Debug|Any CPU
		{6F0D3C9C-4E35-4B00-9411-BD7BA641F3EF}.Debug|Any CPU.Build.0 = Debug|Any CPU
		{6F0D3C9C-4E35-4B00-9411-BD7BA641F3EF}.Release|Any CPU.ActiveCfg = Release|Any CPU
		{6F0D3C9C-4E35-4B00-9411-BD7BA641F3EF}.Release|Any CPU.Build.0 = Release|Any CPU
		{958E893C-288F-425C-A54B-8C348D730D72}.Debug|Any CPU.ActiveCfg = Debug|Any CPU
		{958E893C-288F-425C-A54B-8C348D730D72}.Debug|Any CPU.Build.0 = Debug|Any CPU
		{958E893C-288F-425C-A54B-8C348D730D72}.Release|Any CPU.ActiveCfg = Release|Any CPU
		{958E893C-288F-425C-A54B-8C348D730D72}.Release|Any CPU.Build.0 = Release|Any CPU
		{37BBDD96-5364-4020-880A-17403BD944F9}.Debug|Any CPU.ActiveCfg = Debug|Any CPU
		{37BBDD96-5364-4020-880A-17403BD944F9}.Debug|Any CPU.Build.0 = Debug|Any CPU
		{37BBDD96-5364-4020-880A-17403BD944F9}.Release|Any CPU.ActiveCfg = Release|Any CPU
		{37BBDD96-5364-4020-880A-17403BD944F9}.Release|Any CPU.Build.0 = Release|Any CPU
	EndGlobalSection
	GlobalSection(SolutionProperties) = preSolution
		HideSolutionNode = FALSE
	EndGlobalSection
	GlobalSection(ExtensibilityGlobals) = postSolution
		SolutionGuid = {4A69AD58-8756-45D8-B229-D8D42417EFF9}
	EndGlobalSection
EndGlobal
